<?xml version="1.0"?>
<CONFIG>
  <ProjectOptions>
    <PathDelim Value="\"/>
    <Version Value="6"/>
    <General>
      <Flags>
        <MainUnitHasCreateFormStatements Value="False"/>
        <MainUnitHasTitleStatement Value="False"/>
        <AlwaysBuild Value="False"/>
      </Flags>
      <SessionStorage Value="InProjectDir"/>
      <MainUnit Value="0"/>
      <IconPath Value=".\"/>
      <TargetFileExt Value=".exe"/>
    </General>
    <VersionInfo>
      <ProjectVersion Value=""/>
    </VersionInfo>
    <PublishOptions>
      <Version Value="2"/>
      <IncludeFileFilter Value="*.(pas|pp|inc|lfm|lpr|lrs|lpi|lpk|sh|xml)"/>
      <ExcludeFileFilter Value="*.(bak|ppu|ppw|o|so);*~;backup"/>
    </PublishOptions>
    <RunParams>
      <local>
        <FormatVersion Value="1"/>
        <LaunchingApplication PathPlusParams="\usr\X11R6\bin\xterm -T 'Lazarus Run Output' -e $(LazarusDir)\tools\runwait.sh $(TargetCmdLine)"/>
      </local>
    </RunParams>
    <Units Count="121">
      <Unit0>
        <Filename Value="UltraStar.dpr"/>
        <IsPartOfProject Value="True"/>
        <UnitName Value="UltraStar"/>
      </Unit0>
      <Unit1>
        <Filename Value="Screens\UScreenTop5.pas"/>
        <IsPartOfProject Value="True"/>
        <UnitName Value="UScreenTop5"/>
      </Unit1>
      <Unit2>
        <Filename Value="..\..\Modis\SDK\UPartyDefs.pas"/>
        <IsPartOfProject Value="True"/>
        <UnitName Value="UPartyDefs"/>
      </Unit2>
      <Unit3>
        <Filename Value="..\..\Modis\SDK\UPluginDefs.pas"/>
        <IsPartOfProject Value="True"/>
        <UnitName Value="uPluginDefs"/>
      </Unit3>
      <Unit4>
        <Filename Value="..\..\Modis\SDK\ModiSDK.pas"/>
        <IsPartOfProject Value="True"/>
        <UnitName Value="ModiSDK"/>
      </Unit4>
      <Unit5>
        <Filename Value="Screens\UScreenPartyWin.pas"/>
        <IsPartOfProject Value="True"/>
        <UnitName Value="UScreenPartyWin"/>
      </Unit5>
      <Unit6>
        <Filename Value="Classes\UMain.pas"/>
        <IsPartOfProject Value="True"/>
        <UnitName Value="UMain"/>
      </Unit6>
      <Unit7>
        <Filename Value="Classes\ULog.pas"/>
        <IsPartOfProject Value="True"/>
        <UnitName Value="ULog"/>
      </Unit7>
      <Unit8>
        <Filename Value="Classes\UCommon.pas"/>
        <IsPartOfProject Value="True"/>
        <UnitName Value="UCommon"/>
      </Unit8>
      <Unit9>
        <Filename Value="Classes\UMusic.pas"/>
        <IsPartOfProject Value="True"/>
        <UnitName Value="UMusic"/>
      </Unit9>
      <Unit10>
        <Filename Value="Screens\UScreenScore.pas"/>
        <IsPartOfProject Value="True"/>
        <UnitName Value="UScreenScore"/>
      </Unit10>
      <Unit11>
        <Filename Value="Screens\UScreenSong.pas"/>
        <IsPartOfProject Value="True"/>
        <UnitName Value="UScreenSong"/>
      </Unit11>
      <Unit12>
        <Filename Value="lib\JEDI-SDL\OpenGL\Pas\opengl12.pas"/>
        <IsPartOfProject Value="True"/>
        <UnitName Value="opengl12"/>
      </Unit12>
      <Unit13>
        <Filename Value="Classes\UAudioDecoder_FFMpeg.pas"/>
        <IsPartOfProject Value="True"/>
        <UnitName Value="UAudioDecoder_FFMpeg"/>
      </Unit13>
      <Unit14>
        <Filename Value="Menu\UMenu.pas"/>
        <IsPartOfProject Value="True"/>
        <UnitName Value="UMenu"/>
      </Unit14>
      <Unit15>
        <Filename Value="Screens\UScreenMain.pas"/>
        <IsPartOfProject Value="True"/>
        <UnitName Value="UScreenMain"/>
      </Unit15>
      <Unit16>
        <Filename Value="Classes\UJoystick.pas"/>
        <IsPartOfProject Value="True"/>
        <UnitName Value="UJoystick"/>
      </Unit16>
      <Unit17>
        <Filename Value="Classes\USongs.pas"/>
        <IsPartOfProject Value="True"/>
        <UnitName Value="USongs"/>
      </Unit17>
      <Unit18>
        <Filename Value="Classes\UGraphicClasses.pas"/>
        <IsPartOfProject Value="True"/>
        <UnitName Value="UGraphicClasses"/>
      </Unit18>
      <Unit19>
        <Filename Value="Classes\UTexture.pas"/>
        <IsPartOfProject Value="True"/>
        <UnitName Value="UTexture"/>
      </Unit19>
      <Unit20>
        <Filename Value="Classes\TextGL.pas"/>
        <IsPartOfProject Value="True"/>
        <UnitName Value="TextGL"/>
      </Unit20>
      <Unit21>
        <Filename Value="Classes\UImage.pas"/>
        <IsPartOfProject Value="True"/>
        <UnitName Value="UImage"/>
      </Unit21>
      <Unit22>
        <Filename Value="lib\libpng\png.pas"/>
        <IsPartOfProject Value="True"/>
        <UnitName Value="png"/>
      </Unit22>
      <Unit23>
        <Filename Value="lib\ffmpeg\avcodec.pas"/>
        <IsPartOfProject Value="True"/>
        <UnitName Value="avcodec"/>
      </Unit23>
      <Unit24>
        <Filename Value="Menu\UDisplay.pas"/>
        <IsPartOfProject Value="True"/>
        <UnitName Value="UDisplay"/>
      </Unit24>
      <Unit25>
        <Filename Value="Classes\UThemes.pas"/>
        <IsPartOfProject Value="True"/>
        <UnitName Value="UThemes"/>
      </Unit25>
      <Unit26>
        <Filename Value="Classes\UParty.pas"/>
        <IsPartOfProject Value="True"/>
        <UnitName Value="UParty"/>
      </Unit26>
      <Unit27>
        <Filename Value="Screens\UScreenSing.pas"/>
        <IsPartOfProject Value="True"/>
        <UnitName Value="UScreenSing"/>
      </Unit27>
      <Unit28>
        <Filename Value="Classes\USingScores.pas"/>
        <IsPartOfProject Value="True"/>
        <UnitName Value="USingScores"/>
      </Unit28>
      <Unit29>
        <Filename Value="Classes\UGraphic.pas"/>
        <IsPartOfProject Value="True"/>
        <UnitName Value="UGraphic"/>
      </Unit29>
      <Unit30>
        <Filename Value="Screens\UScreenPopup.pas"/>
        <IsPartOfProject Value="True"/>
        <UnitName Value="UScreenPopup"/>
      </Unit30>
      <Unit31>
        <Filename Value="lib\JEDI-SDL\SDL\Pas\moduleloader.pas"/>
        <IsPartOfProject Value="True"/>
      </Unit31>
      <Unit32>
        <Filename Value="lib\JEDI-SDL\SDL\Pas\sdl.pas"/>
        <IsPartOfProject Value="True"/>
      </Unit32>
      <Unit33>
        <Filename Value="lib\JEDI-SDL\SDL_Image\Pas\sdl_image.pas"/>
        <IsPartOfProject Value="True"/>
      </Unit33>
      <Unit34>
        <Filename Value="lib\JEDI-SDL\SDL_ttf\Pas\sdl_ttf.pas"/>
        <IsPartOfProject Value="True"/>
      </Unit34>
      <Unit35>
        <Filename Value="lib\JEDI-SDL\SDL\Pas\sdlutils.pas"/>
        <IsPartOfProject Value="True"/>
      </Unit35>
      <Unit36>
        <Filename Value="lib\zlib\zlib.pas"/>
        <IsPartOfProject Value="True"/>
      </Unit36>
      <Unit37>
        <Filename Value="lib\portaudio\delphi\portaudio.pas"/>
        <IsPartOfProject Value="True"/>
      </Unit37>
      <Unit38>
        <Filename Value="Classes\UAudioCore_Portaudio.pas"/>
        <IsPartOfProject Value="True"/>
        <UnitName Value="UAudioCore_Portaudio"/>
      </Unit38>
      <Unit39>
        <Filename Value="lib\ffmpeg\avformat.pas"/>
        <IsPartOfProject Value="True"/>
        <UnitName Value="avformat"/>
      </Unit39>
      <Unit40>
        <Filename Value="lib\ffmpeg\avutil.pas"/>
        <IsPartOfProject Value="True"/>
        <UnitName Value="avutil"/>
      </Unit40>
      <Unit41>
        <Filename Value="lib\ffmpeg\rational.pas"/>
        <IsPartOfProject Value="True"/>
      </Unit41>
      <Unit42>
        <Filename Value="lib\ffmpeg\opt.pas"/>
        <IsPartOfProject Value="True"/>
      </Unit42>
      <Unit43>
        <Filename Value="lib\ffmpeg\avio.pas"/>
        <IsPartOfProject Value="True"/>
      </Unit43>
      <Unit44>
        <Filename Value="lib\ffmpeg\mathematics.pas"/>
        <IsPartOfProject Value="True"/>
      </Unit44>
      <Unit45>
        <Filename Value="lib\ffmpeg\swscale.pas"/>
        <IsPartOfProject Value="True"/>
      </Unit45>
      <Unit46>
        <Filename Value="lib\SQLite\SQLiteTable3.pas"/>
        <IsPartOfProject Value="True"/>
      </Unit46>
      <Unit47>
        <Filename Value="lib\SQLite\SQLite3.pas"/>
        <IsPartOfProject Value="True"/>
      </Unit47>
      <Unit48>
        <Filename Value="Menu\UMenuStatic.pas"/>
        <IsPartOfProject Value="True"/>
      </Unit48>
      <Unit49>
        <Filename Value="Menu\UMenuText.pas"/>
        <IsPartOfProject Value="True"/>
      </Unit49>
      <Unit50>
        <Filename Value="Menu\UMenuButton.pas"/>
        <IsPartOfProject Value="True"/>
        <UnitName Value="UMenuButton"/>
      </Unit50>
      <Unit51>
        <Filename Value="Menu\UMenuInteract.pas"/>
        <IsPartOfProject Value="True"/>
      </Unit51>
      <Unit52>
        <Filename Value="Menu\UMenuSelect.pas"/>
        <IsPartOfProject Value="True"/>
      </Unit52>
      <Unit53>
        <Filename Value="Menu\UMenuSelectSlide.pas"/>
        <IsPartOfProject Value="True"/>
      </Unit53>
      <Unit54>
        <Filename Value="Menu\UDrawTexture.pas"/>
        <IsPartOfProject Value="True"/>
      </Unit54>
      <Unit55>
        <Filename Value="Menu\UMenuButtonCollection.pas"/>
        <IsPartOfProject Value="True"/>
      </Unit55>
      <Unit56>
        <Filename Value="Classes\UConfig.pas"/>
        <IsPartOfProject Value="True"/>
      </Unit56>
      <Unit57>
        <Filename Value="Classes\ULanguage.pas"/>
        <IsPartOfProject Value="True"/>
      </Unit57>
      <Unit58>
        <Filename Value="Classes\UDraw.pas"/>
        <IsPartOfProject Value="True"/>
        <UnitName Value="UDraw"/>
      </Unit58>
      <Unit59>
        <Filename Value="Classes\URecord.pas"/>
        <IsPartOfProject Value="True"/>
      </Unit59>
      <Unit60>
        <Filename Value="Classes\UTime.pas"/>
        <IsPartOfProject Value="True"/>
      </Unit60>
      <Unit61>
        <Filename Value="Classes\USong.pas"/>
        <IsPartOfProject Value="True"/>
      </Unit61>
      <Unit62>
        <Filename Value="Classes\USong_TextFile.pas"/>
        <IsPartOfProject Value="True"/>
      </Unit62>
      <Unit63>
        <Filename Value="Classes\USong_Txt.pas"/>
        <IsPartOfProject Value="True"/>
      </Unit63>
      <Unit64>
        <Filename Value="Classes\UXMLSong.pas"/>
        <IsPartOfProject Value="True"/>
      </Unit64>
      <Unit65>
        <Filename Value="Classes\UIni.pas"/>
        <IsPartOfProject Value="True"/>
      </Unit65>
      <Unit66>
        <Filename Value="Classes\ULyrics.pas"/>
        <IsPartOfProject Value="True"/>
        <UnitName Value="ULyrics"/>
      </Unit66>
      <Unit67>
        <Filename Value="Classes\ULyrics_bak.pas"/>
        <IsPartOfProject Value="True"/>
      </Unit67>
      <Unit68>
        <Filename Value="Classes\USkins.pas"/>
        <IsPartOfProject Value="True"/>
      </Unit68>
      <Unit69>
        <Filename Value="Classes\UDataBase.pas"/>
        <IsPartOfProject Value="True"/>
      </Unit69>
      <Unit70>
        <Filename Value="Classes\UCovers.pas"/>
        <IsPartOfProject Value="True"/>
      </Unit70>
      <Unit71>
        <Filename Value="Classes\UCatCovers.pas"/>
        <IsPartOfProject Value="True"/>
      </Unit71>
      <Unit72>
        <Filename Value="Classes\UFiles.pas"/>
        <IsPartOfProject Value="True"/>
      </Unit72>
      <Unit73>
        <Filename Value="Classes\UDLLManager.pas"/>
        <IsPartOfProject Value="True"/>
      </Unit73>
      <Unit74>
        <Filename Value="Classes\UPlaylist.pas"/>
        <IsPartOfProject Value="True"/>
      </Unit74>
      <Unit75>
        <Filename Value="Classes\UCommandLine.pas"/>
        <IsPartOfProject Value="True"/>
      </Unit75>
      <Unit76>
        <Filename Value="Classes\UTextClasses.pas"/>
        <IsPartOfProject Value="True"/>
      </Unit76>
      <Unit77>
        <Filename Value="Classes\USingNotes.pas"/>
        <IsPartOfProject Value="True"/>
      </Unit77>
      <Unit78>
        <Filename Value="Classes\UModules.pas"/>
        <IsPartOfProject Value="True"/>
      </Unit78>
      <Unit79>
        <Filename Value="Classes\UHooks.pas"/>
        <IsPartOfProject Value="True"/>
      </Unit79>
      <Unit80>
        <Filename Value="Classes\UServices.pas"/>
        <IsPartOfProject Value="True"/>
        <UnitName Value="UServices"/>
      </Unit80>
      <Unit81>
        <Filename Value="Classes\UCore.pas"/>
        <IsPartOfProject Value="True"/>
      </Unit81>
      <Unit82>
        <Filename Value="Classes\UCoreModule.pas"/>
        <IsPartOfProject Value="True"/>
      </Unit82>
      <Unit83>
        <Filename Value="Classes\UPluginInterface.pas"/>
        <IsPartOfProject Value="True"/>
      </Unit83>
      <Unit84>
        <Filename Value="Classes\uPluginLoader.pas"/>
        <IsPartOfProject Value="True"/>
      </Unit84>
      <Unit85>
        <Filename Value="Classes\UPlatform.pas"/>
        <IsPartOfProject Value="True"/>
      </Unit85>
      <Unit86>
        <Filename Value="Classes\UPlatformLinux.pas"/>
        <IsPartOfProject Value="True"/>
      </Unit86>
      <Unit87>
        <Filename Value="Classes\UMedia_dummy.pas"/>
        <IsPartOfProject Value="True"/>
      </Unit87>
      <Unit88>
        <Filename Value="Classes\UVideo.pas"/>
        <IsPartOfProject Value="True"/>
        <UnitName Value="UVideo"/>
      </Unit88>
      <Unit89>
        <Filename Value="Classes\UAudioInput_Portaudio.pas"/>
        <IsPartOfProject Value="True"/>
      </Unit89>
      <Unit90>
        <Filename Value="lib\fft\ufft.pas"/>
        <IsPartOfProject Value="True"/>
      </Unit90>
      <Unit91>
        <Filename Value="Classes\UAudioPlayback_SoftMixer.pas"/>
        <IsPartOfProject Value="True"/>
        <UnitName Value="UAudioPlayback_SoftMixer"/>
      </Unit91>
      <Unit92>
        <Filename Value="Classes\UAudioPlayback_SDL.pas"/>
        <IsPartOfProject Value="True"/>
        <UnitName Value="UAudioPlayback_SDL"/>
      </Unit92>
      <Unit93>
        <Filename Value="Screens\UScreenLoading.pas"/>
        <IsPartOfProject Value="True"/>
      </Unit93>
      <Unit94>
        <Filename Value="Screens\UScreenWelcome.pas"/>
        <IsPartOfProject Value="True"/>
      </Unit94>
      <Unit95>
        <Filename Value="Screens\UScreenName.pas"/>
        <IsPartOfProject Value="True"/>
      </Unit95>
      <Unit96>
        <Filename Value="Screens\UScreenLevel.pas"/>
        <IsPartOfProject Value="True"/>
      </Unit96>
      <Unit97>
        <Filename Value="Screens\UScreenOptions.pas"/>
        <IsPartOfProject Value="True"/>
      </Unit97>
      <Unit98>
        <Filename Value="Screens\UScreenOptionsGame.pas"/>
        <IsPartOfProject Value="True"/>
      </Unit98>
      <Unit99>
        <Filename Value="Screens\UScreenOptionsGraphics.pas"/>
        <IsPartOfProject Value="True"/>
      </Unit99>
      <Unit100>
        <Filename Value="Screens\UScreenOptionsSound.pas"/>
        <IsPartOfProject Value="True"/>
      </Unit100>
      <Unit101>
        <Filename Value="Screens\UScreenOptionsLyrics.pas"/>
        <IsPartOfProject Value="True"/>
      </Unit101>
      <Unit102>
        <Filename Value="Screens\UScreenOptionsThemes.pas"/>
        <IsPartOfProject Value="True"/>
      </Unit102>
      <Unit103>
        <Filename Value="Screens\UScreenOptionsRecord.pas"/>
        <IsPartOfProject Value="True"/>
      </Unit103>
      <Unit104>
        <Filename Value="Screens\UScreenOptionsAdvanced.pas"/>
        <IsPartOfProject Value="True"/>
      </Unit104>
      <Unit105>
        <Filename Value="Screens\UScreenEditSub.pas"/>
        <IsPartOfProject Value="True"/>
      </Unit105>
      <Unit106>
        <Filename Value="Screens\UScreenEdit.pas"/>
        <IsPartOfProject Value="True"/>
      </Unit106>
      <Unit107>
        <Filename Value="Screens\UScreenEditConvert.pas"/>
        <IsPartOfProject Value="True"/>
      </Unit107>
      <Unit108>
        <Filename Value="Screens\UScreenEditHeader.pas"/>
        <IsPartOfProject Value="True"/>
      </Unit108>
      <Unit109>
        <Filename Value="Screens\UScreenOpen.pas"/>
        <IsPartOfProject Value="True"/>
      </Unit109>
      <Unit110>
        <Filename Value="Screens\UScreenSongMenu.pas"/>
        <IsPartOfProject Value="True"/>
        <UnitName Value="UScreenSongMenu"/>
      </Unit110>
      <Unit111>
        <Filename Value="Screens\UScreenSongJumpto.pas"/>
        <IsPartOfProject Value="True"/>
      </Unit111>
      <Unit112>
        <Filename Value="Screens\UScreenStatMain.pas"/>
        <IsPartOfProject Value="True"/>
      </Unit112>
      <Unit113>
        <Filename Value="Screens\UScreenStatDetail.pas"/>
        <IsPartOfProject Value="True"/>
      </Unit113>
      <Unit114>
        <Filename Value="Screens\UScreenCredits.pas"/>
        <IsPartOfProject Value="True"/>
      </Unit114>
      <Unit115>
        <Filename Value="Screens\UScreenSingModi.pas"/>
        <IsPartOfProject Value="True"/>
      </Unit115>
      <Unit116>
        <Filename Value="Screens\UScreenPartyNewRound.pas"/>
        <IsPartOfProject Value="True"/>
      </Unit116>
      <Unit117>
        <Filename Value="Screens\UScreenPartyScore.pas"/>
        <IsPartOfProject Value="True"/>
        <UnitName Value="UScreenPartyScore"/>
      </Unit117>
      <Unit118>
        <Filename Value="Screens\UScreenPartyPlayer.pas"/>
        <IsPartOfProject Value="True"/>
      </Unit118>
      <Unit119>
        <Filename Value="Screens\UScreenPartyOptions.pas"/>
        <IsPartOfProject Value="True"/>
      </Unit119>
      <Unit120>
        <Filename Value="UltraStar.lpr"/>
        <IsPartOfProject Value="True"/>
        <UnitName Value="UltraStar"/>
      </Unit120>
    </Units>
  </ProjectOptions>
  <CompilerOptions>
    <Version Value="5"/>
    <PathDelim Value="\"/>
    <Target>
      <Filename Value="..\..\UltraStar"/>
    </Target>
    <SearchPaths>
      <IncludeFiles Value="lib\JEDI-SDL\SDL\Pas\;Classes\;Menu\;Screens\;lib\JEDI-SDL\OpenGL\Pas\;lib\JEDI-SDL\SDL_Image\Pas\;lib\JEDI-SDL\SDL_ttf\Pas\;lib\SQLite\;lib\ffmpeg\;lib\fft\;lib\libpng\;lib\portaudio\delphi\;lib\zlib\;lib\pulseaudio\;\home\tobias\daten\Projekte\UltraStarDX\Kopie von trunk\Modis\SDK\"/>
      <Libraries Value="lib\JEDI-SDL\SDL\Pas\"/>
      <OtherUnitFiles Value="Classes\;Menu\;Screens\;lib\JEDI-SDL\SDL\Pas\;lib\JEDI-SDL\OpenGL\Pas\;lib\JEDI-SDL\SDL_Image\Pas\;lib\JEDI-SDL\SDL_ttf\Pas\;lib\SQLite\;lib\ffmpeg\;lib\fft\;lib\libpng\;lib\portaudio\delphi\;lib\zlib\"/>
      <UnitOutputDirectory Value="build\$(TargetOS)\fpc"/>
      <ObjectPath Value="lib\JEDI-SDL\SDL\Pas\"/>
      <SrcPath Value="Classes\;Menu\;Screens\;lib\libpng\;lib\JEDI-SDL\SDL\Pas\;lib\JEDI-SDL\OpenGL\Pas\;lib\bass\delphi\;lib\pulseaudio\"/>
    </SearchPaths>
    <Parsing>
      <SyntaxOptions>
        <CStyleOperator Value="False"/>
        <DelphiCompat Value="True"/>
      </SyntaxOptions>
    </Parsing>
    <CodeGeneration>
      <Generate Value="Faster"/>
    </CodeGeneration>
    <Other>
      <Verbosity>
        <ShowNotes Value="False"/>
        <ShowHints Value="False"/>
        <ShowGenInfo Value="False"/>
      </Verbosity>
      <CompilerPath Value="$(CompPath)"/>
      <ExecuteBefore>
        <Command Value="clean.bat"/>
        <CompileReasons Run="False"/>
      </ExecuteBefore>
    </Other>
  </CompilerOptions>
</CONFIG>
