<?xml version="1.0"?>
<CONFIG>
  <ProjectOptions>
    <PathDelim Value="\"/>
    <Version Value="6"/>
    <General>
      <Flags>
        <MainUnitHasCreateFormStatements Value="False"/>
        <MainUnitHasTitleStatement Value="False"/>
        <AlwaysBuild Value="False"/>
      </Flags>
      <SessionStorage Value="InProjectDir"/>
      <MainUnit Value="0"/>
      <IconPath Value=".\"/>
      <TargetFileExt Value=".exe"/>
    </General>
    <VersionInfo>
      <ProjectVersion Value=""/>
    </VersionInfo>
    <PublishOptions>
      <Version Value="2"/>
      <IncludeFileFilter Value="*.(pas|pp|inc|lfm|lpr|lrs|lpi|lpk|sh|xml)"/>
      <ExcludeFileFilter Value="*.(bak|ppu|ppw|o|so);*~;backup"/>
    </PublishOptions>
    <RunParams>
      <local>
        <FormatVersion Value="1"/>
        <LaunchingApplication PathPlusParams="\usr\X11R6\bin\xterm -T 'Lazarus Run Output' -e $(LazarusDir)\tools\runwait.sh $(TargetCmdLine)"/>
      </local>
    </RunParams>
    <Units Count="2">
      <Unit0>
        <Filename Value="ultrastardx.dpr"/>
        <IsPartOfProject Value="True"/>
        <UnitName Value="ultrastardx"/>
      </Unit0>
      <Unit1>
        <Filename Value="ultrastardx.lpr"/>
        <IsPartOfProject Value="True"/>
        <UnitName Value="ultrastardx"/>
      </Unit1>
    </Units>
  </ProjectOptions>
  <CompilerOptions>
    <Version Value="5"/>
    <PathDelim Value="\"/>
    <Target>
      <Filename Value="..\ultrastardx"/>
    </Target>
    <SearchPaths>
      <IncludeFiles Value="lib\JEDI-SDL\SDL\Pas\;classes\;menu\;screens\;lib\JEDI-SDL\OpenGL\Pas\;lib\JEDI-SDL\SDL_Image\Pas\;lib\JEDI-SDL\SDL_ttf\Pas\;lib\SQLite\;lib\ffmpeg\;lib\fft\;lib\libpng\;lib\portaudio\delphi\;lib\zlib\;lib\pulseaudio\;..\plugins\SDK\"/>
      <Libraries Value="lib\JEDI-SDL\SDL\Pas\"/>
      <OtherUnitFiles Value="classes\;menu\;screens\;lib\JEDI-SDL\SDL\Pas\;lib\JEDI-SDL\OpenGL\Pas\;lib\JEDI-SDL\SDL_Image\Pas\;lib\JEDI-SDL\SDL_ttf\Pas\;lib\SQLite\;lib\ffmpeg\;lib\fft\;lib\libpng\;lib\portaudio\delphi\;lib\zlib\"/>
      <UnitOutputDirectory Value="build\$(TargetOS)\fpc"/>
      <ObjectPath Value="lib\JEDI-SDL\SDL\Pas\"/>
      <SrcPath Value="classes\;menu\;screens\;lib\libpng\;lib\JEDI-SDL\SDL\Pas\;lib\JEDI-SDL\OpenGL\Pas\;lib\bass\delphi\;lib\pulseaudio\"/>
    </SearchPaths>
    <Parsing>
      <SyntaxOptions>
        <CStyleOperator Value="False"/>
        <DelphiCompat Value="True"/>
      </SyntaxOptions>
    </Parsing>
    <CodeGeneration>
      <Generate Value="Faster"/>
    </CodeGeneration>
    <Other>
      <Verbosity>
        <ShowNotes Value="False"/>
        <ShowHints Value="False"/>
        <ShowGenInfo Value="False"/>
      </Verbosity>
      <CompilerPath Value="$(CompPath)"/>
      <ExecuteBefore>
        <Command Value="clean.bat"/>
        <CompileReasons Run="False"/>
      </ExecuteBefore>
    </Other>
  </CompilerOptions>
</CONFIG>
