<?xml version="1.0"?>
<CONFIG>
  <ProjectOptions>
    <PathDelim Value="/"/>
    <Version Value="5"/>
    <General>
      <MainUnit Value="0"/>
      <IconPath Value="./"/>
      <TargetFileExt Value=".exe"/>
      <ActiveEditorIndexAtStart Value="0"/>
    </General>
    <VersionInfo>
      <ProjectVersion Value=""/>
      <Language Value=""/>
      <CharSet Value=""/>
    </VersionInfo>
    <PublishOptions>
      <Version Value="2"/>
      <IgnoreBinaries Value="False"/>
      <IncludeFileFilter Value="*.(pas|pp|inc|lfm|lpr|lrs|lpi|lpk|sh|xml)"/>
      <ExcludeFileFilter Value="*.(bak|ppu|ppw|o|so);*~;backup"/>
    </PublishOptions>
    <RunParams>
      <local>
        <FormatVersion Value="1"/>
        <LaunchingApplication PathPlusParams="/usr/X11R6/bin/xterm -T 'Lazarus Run Output' -e $(LazarusDir)/tools/runwait.sh $(TargetCmdLine)"/>
      </local>
    </RunParams>
    <Units Count="6">
      <Unit0>
        <Filename Value="lazarustest.lpr"/>
        <IsPartOfProject Value="True"/>
        <UnitName Value="lazarustest"/>
        <CursorPos X="94" Y="30"/>
        <TopLine Value="1"/>
        <EditorIndex Value="0"/>
        <UsageCount Value="23"/>
        <Loaded Value="True"/>
      </Unit0>
      <Unit1>
        <Filename Value="delphi/bass.pas"/>
        <UnitName Value="Bass"/>
        <CursorPos X="12" Y="539"/>
        <TopLine Value="589"/>
        <UsageCount Value="10"/>
      </Unit1>
      <Unit2>
        <Filename Value="avformat.pas"/>
        <UnitName Value="avformat"/>
        <CursorPos X="8" Y="40"/>
        <TopLine Value="1"/>
        <EditorIndex Value="2"/>
        <UsageCount Value="11"/>
        <Loaded Value="True"/>
      </Unit2>
      <Unit3>
        <Filename Value="avcodec.pas"/>
        <UnitName Value="avcodec"/>
        <CursorPos X="13" Y="34"/>
        <TopLine Value="12"/>
        <EditorIndex Value="3"/>
        <UsageCount Value="12"/>
        <Loaded Value="True"/>
      </Unit3>
      <Unit4>
        <Filename Value="avio.pas"/>
        <UnitName Value="avio"/>
        <CursorPos X="1" Y="1"/>
        <TopLine Value="1"/>
        <EditorIndex Value="4"/>
        <UsageCount Value="12"/>
        <Loaded Value="True"/>
      </Unit4>
      <Unit5>
        <Filename Value="avutil.pas"/>
        <UnitName Value="avutil"/>
        <CursorPos X="5" Y="28"/>
        <TopLine Value="1"/>
        <EditorIndex Value="1"/>
        <UsageCount Value="11"/>
        <Loaded Value="True"/>
      </Unit5>
    </Units>
    <JumpHistory Count="30" HistoryIndex="29">
      <Position1>
        <Filename Value="avcodec.pas"/>
        <Caret Line="433" Column="65" TopLine="411"/>
      </Position1>
      <Position2>
        <Filename Value="avcodec.pas"/>
        <Caret Line="577" Column="30" TopLine="555"/>
      </Position2>
      <Position3>
        <Filename Value="avcodec.pas"/>
        <Caret Line="578" Column="23" TopLine="556"/>
      </Position3>
      <Position4>
        <Filename Value="avcodec.pas"/>
        <Caret Line="583" Column="48" TopLine="561"/>
      </Position4>
      <Position5>
        <Filename Value="avcodec.pas"/>
        <Caret Line="585" Column="39" TopLine="563"/>
      </Position5>
      <Position6>
        <Filename Value="avcodec.pas"/>
        <Caret Line="591" Column="11" TopLine="569"/>
      </Position6>
      <Position7>
        <Filename Value="avcodec.pas"/>
        <Caret Line="593" Column="24" TopLine="571"/>
      </Position7>
      <Position8>
        <Filename Value="avcodec.pas"/>
        <Caret Line="664" Column="68" TopLine="642"/>
      </Position8>
      <Position9>
        <Filename Value="avcodec.pas"/>
        <Caret Line="674" Column="44" TopLine="652"/>
      </Position9>
      <Position10>
        <Filename Value="avcodec.pas"/>
        <Caret Line="738" Column="20" TopLine="716"/>
      </Position10>
      <Position11>
        <Filename Value="avcodec.pas"/>
        <Caret Line="759" Column="45" TopLine="737"/>
      </Position11>
      <Position12>
        <Filename Value="avcodec.pas"/>
        <Caret Line="828" Column="15" TopLine="806"/>
      </Position12>
      <Position13>
        <Filename Value="avcodec.pas"/>
        <Caret Line="832" Column="38" TopLine="810"/>
      </Position13>
      <Position14>
        <Filename Value="avcodec.pas"/>
        <Caret Line="839" Column="43" TopLine="817"/>
      </Position14>
      <Position15>
        <Filename Value="avcodec.pas"/>
        <Caret Line="851" Column="41" TopLine="829"/>
      </Position15>
      <Position16>
        <Filename Value="avcodec.pas"/>
        <Caret Line="1085" Column="38" TopLine="1063"/>
      </Position16>
      <Position17>
        <Filename Value="avcodec.pas"/>
        <Caret Line="1204" Column="40" TopLine="1182"/>
      </Position17>
      <Position18>
        <Filename Value="avcodec.pas"/>
        <Caret Line="1244" Column="35" TopLine="1222"/>
      </Position18>
      <Position19>
        <Filename Value="avcodec.pas"/>
        <Caret Line="1247" Column="58" TopLine="1225"/>
      </Position19>
      <Position20>
        <Filename Value="avcodec.pas"/>
        <Caret Line="32" Column="15" TopLine="1"/>
      </Position20>
      <Position21>
        <Filename Value="avcodec.pas"/>
        <Caret Line="34" Column="15" TopLine="12"/>
      </Position21>
      <Position22>
        <Filename Value="avcodec.pas"/>
        <Caret Line="1" Column="1" TopLine="1"/>
      </Position22>
      <Position23>
        <Filename Value="avcodec.pas"/>
        <Caret Line="32" Column="15" TopLine="10"/>
      </Position23>
      <Position24>
        <Filename Value="avformat.pas"/>
        <Caret Line="37" Column="15" TopLine="1"/>
      </Position24>
      <Position25>
        <Filename Value="avformat.pas"/>
        <Caret Line="39" Column="15" TopLine="17"/>
      </Position25>
      <Position26>
        <Filename Value="avformat.pas"/>
        <Caret Line="361" Column="58" TopLine="339"/>
      </Position26>
      <Position27>
        <Filename Value="avformat.pas"/>
        <Caret Line="373" Column="51" TopLine="281"/>
      </Position27>
      <Position28>
        <Filename Value="lazarustest.lpr"/>
        <Caret Line="25" Column="27" TopLine="1"/>
      </Position28>
      <Position29>
        <Filename Value="lazarustest.lpr"/>
        <Caret Line="26" Column="1" TopLine="1"/>
      </Position29>
      <Position30>
        <Filename Value="lazarustest.lpr"/>
        <Caret Line="1" Column="1" TopLine="1"/>
      </Position30>
    </JumpHistory>
  </ProjectOptions>
  <CompilerOptions>
    <Version Value="5"/>
    <CodeGeneration>
      <Generate Value="Faster"/>
    </CodeGeneration>
    <Other>
      <CompilerPath Value="$(CompPath)"/>
    </Other>
  </CompilerOptions>
  <Debugging>
    <Exceptions Count="2">
      <Item1>
        <Name Value="ECodetoolError"/>
      </Item1>
      <Item2>
        <Name Value="EFOpenError"/>
      </Item2>
    </Exceptions>
  </Debugging>
</CONFIG>
